
Microsoft Visual Studio Solution File, Format Version 12.00
# Visual Studio Version 17
VisualStudioVersion = 17.12.35527.113
MinimumVisualStudioVersion = 10.0.40219.1
Project("{FAE04EC0-301F-11D3-BF4B-00C04F79EFBC}") = "THUCTAP", "THUCTAP\THUCTAP.csproj", "{FDAC3591-1525-4182-98F5-C793EF8E2DFA}"
EndProject
Global
	GlobalSection(SolutionConfigurationPlatforms) = preSolution
		Debug|Any CPU = Debug|Any CPU
		Release|Any CPU = Release|Any CPU
	EndGlobalSection
	GlobalSection(ProjectConfigurationPlatforms) = postSolution
		{FDAC3591-1525-4182-98F5-C793EF8E2DFA}.Debug|Any CPU.ActiveCfg = Debug|Any CPU
		{FDAC3591-1525-4182-98F5-C793EF8E2DFA}.Debug|Any CPU.Build.0 = Debug|Any CPU
		{FDAC3591-1525-4182-98F5-C793EF8E2DFA}.Release|Any CPU.ActiveCfg = Release|Any CPU
		{FDAC3591-1525-4182-98F5-C793EF8E2DFA}.Release|Any CPU.Build.0 = Release|Any CPU
	EndGlobalSection
	GlobalSection(SolutionProperties) = preSolution
		HideSolutionNode = FALSE
	EndGlobalSection
EndGlobal
